// !$*UTF8*$!
{
	archiveVersion = 1;
	classes = {
	};
	objectVersion = 46;
	objects = {

/* Begin PBXBuildFile section */
		8D3A8656189C8937002406EF /* AudioToolbox.framework in Frameworks */ = {isa = PBXBuildFile; fileRef = 8D3A8655189C8937002406EF /* AudioToolbox.framework */; };
		8D3A8657189C8949002406EF /* AudioToolbox.framework in Frameworks */ = {isa = PBXBuildFile; fileRef = 8D3A8655189C8937002406EF /* AudioToolbox.framework */; };
		8D3A8659189C8951002406EF /* Accounts.framework in Frameworks */ = {isa = PBXBuildFile; fileRef = 8D3A8658189C8951002406EF /* Accounts.framework */; };
		8D3A865A189C8956002406EF /* Accounts.framework in Frameworks */ = {isa = PBXBuildFile; fileRef = 8D3A8658189C8951002406EF /* Accounts.framework */; };
		8D3A865C189C8968002406EF /* AdSupport.framework in Frameworks */ = {isa = PBXBuildFile; fileRef = 8D3A865B189C8968002406EF /* AdSupport.framework */; };
		8D3A865D189C896D002406EF /* AdSupport.framework in Frameworks */ = {isa = PBXBuildFile; fileRef = 8D3A865B189C8968002406EF /* AdSupport.framework */; };
		8D3A865F189C8974002406EF /* CFNetwork.framework in Frameworks */ = {isa = PBXBuildFile; fileRef = 8D3A865E189C8974002406EF /* CFNetwork.framework */; };
		8D3A8660189C8977002406EF /* CFNetwork.framework in Frameworks */ = {isa = PBXBuildFile; fileRef = 8D3A865E189C8974002406EF /* CFNetwork.framework */; };
		8D3A8661189C8986002406EF /* CoreGraphics.framework in Frameworks */ = {isa = PBXBuildFile; fileRef = D4677A3E189C7A0600F128CF /* CoreGraphics.framework */; };
		8D3A8663189C898F002406EF /* CoreLocation.framework in Frameworks */ = {isa = PBXBuildFile; fileRef = 8D3A8662189C898F002406EF /* CoreLocation.framework */; };
		8D3A8664189C8991002406EF /* CoreLocation.framework in Frameworks */ = {isa = PBXBuildFile; fileRef = 8D3A8662189C898F002406EF /* CoreLocation.framework */; };
		8D3A8666189C89A6002406EF /* libsqlite3.dylib in Frameworks */ = {isa = PBXBuildFile; fileRef = 8D3A8665189C89A6002406EF /* libsqlite3.dylib */; };
		8D3A8667189C89A9002406EF /* libsqlite3.dylib in Frameworks */ = {isa = PBXBuildFile; fileRef = 8D3A8665189C89A6002406EF /* libsqlite3.dylib */; };
		8D3A8669189C89BA002406EF /* libz.1.1.3.dylib in Frameworks */ = {isa = PBXBuildFile; fileRef = 8D3A8668189C89BA002406EF /* libz.1.1.3.dylib */; };
		8D3A866A189C89BD002406EF /* libz.1.1.3.dylib in Frameworks */ = {isa = PBXBuildFile; fileRef = 8D3A8668189C89BA002406EF /* libz.1.1.3.dylib */; };
		8D3A866C189C89C5002406EF /* MobileCoreServices.framework in Frameworks */ = {isa = PBXBuildFile; fileRef = 8D3A866B189C89C5002406EF /* MobileCoreServices.framework */; };
		8D3A866D189C89C8002406EF /* MobileCoreServices.framework in Frameworks */ = {isa = PBXBuildFile; fileRef = 8D3A866B189C89C5002406EF /* MobileCoreServices.framework */; };
		8D3A866F189C89D3002406EF /* QuartzCore.framework in Frameworks */ = {isa = PBXBuildFile; fileRef = 8D3A866E189C89D3002406EF /* QuartzCore.framework */; };
		8D3A8670189C89D6002406EF /* QuartzCore.framework in Frameworks */ = {isa = PBXBuildFile; fileRef = 8D3A866E189C89D3002406EF /* QuartzCore.framework */; };
		8D3A8672189C89DE002406EF /* Security.framework in Frameworks */ = {isa = PBXBuildFile; fileRef = 8D3A8671189C89DE002406EF /* Security.framework */; };
		8D3A8673189C89E1002406EF /* Security.framework in Frameworks */ = {isa = PBXBuildFile; fileRef = 8D3A8671189C89DE002406EF /* Security.framework */; };
		8D3A8675189C89E8002406EF /* Social.framework in Frameworks */ = {isa = PBXBuildFile; fileRef = 8D3A8674189C89E8002406EF /* Social.framework */; };
		8D3A8676189C89EB002406EF /* Social.framework in Frameworks */ = {isa = PBXBuildFile; fileRef = 8D3A8674189C89E8002406EF /* Social.framework */; };
		8D3A8678189C89F6002406EF /* StoreKit.framework in Frameworks */ = {isa = PBXBuildFile; fileRef = 8D3A8677189C89F6002406EF /* StoreKit.framework */; };
		8D3A8679189C89F8002406EF /* StoreKit.framework in Frameworks */ = {isa = PBXBuildFile; fileRef = 8D3A8677189C89F6002406EF /* StoreKit.framework */; };
		8D3A867B189C8A14002406EF /* SystemConfiguration.framework in Frameworks */ = {isa = PBXBuildFile; fileRef = 8D3A867A189C8A14002406EF /* SystemConfiguration.framework */; };
		8D3A867C189C8A16002406EF /* SystemConfiguration.framework in Frameworks */ = {isa = PBXBuildFile; fileRef = 8D3A867A189C8A14002406EF /* SystemConfiguration.framework */; };
		8DCD0CE4189CB80400DE4CC6 /* Parse.framework in Frameworks */ = {isa = PBXBuildFile; fileRef = 8DCD0CE3189CB80400DE4CC6 /* Parse.framework */; };
		8DCD0CE5189CB80400DE4CC6 /* Parse.framework in Frameworks */ = {isa = PBXBuildFile; fileRef = 8DCD0CE3189CB80400DE4CC6 /* Parse.framework */; };
		D4677A3D189C7A0600F128CF /* Foundation.framework in Frameworks */ = {isa = PBXBuildFile; fileRef = D4677A3C189C7A0600F128CF /* Foundation.framework */; };
		D4677A3F189C7A0600F128CF /* CoreGraphics.framework in Frameworks */ = {isa = PBXBuildFile; fileRef = D4677A3E189C7A0600F128CF /* CoreGraphics.framework */; };
		D4677A41189C7A0600F128CF /* UIKit.framework in Frameworks */ = {isa = PBXBuildFile; fileRef = D4677A40189C7A0600F128CF /* UIKit.framework */; };
		D4677A47189C7A0600F128CF /* InfoPlist.strings in Resources */ = {isa = PBXBuildFile; fileRef = D4677A45189C7A0600F128CF /* InfoPlist.strings */; };
		D4677A49189C7A0600F128CF /* main.m in Sources */ = {isa = PBXBuildFile; fileRef = D4677A48189C7A0600F128CF /* main.m */; };
		D4677A4D189C7A0600F128CF /* AppDelegate.m in Sources */ = {isa = PBXBuildFile; fileRef = D4677A4C189C7A0600F128CF /* AppDelegate.m */; };
		D4677A50189C7A0600F128CF /* Main.storyboard in Resources */ = {isa = PBXBuildFile; fileRef = D4677A4E189C7A0600F128CF /* Main.storyboard */; };
		D4677A55189C7A0600F128CF /* Images.xcassets in Resources */ = {isa = PBXBuildFile; fileRef = D4677A54189C7A0600F128CF /* Images.xcassets */; };
		D4677A5C189C7A0600F128CF /* XCTest.framework in Frameworks */ = {isa = PBXBuildFile; fileRef = D4677A5B189C7A0600F128CF /* XCTest.framework */; };
		D4677A5D189C7A0600F128CF /* Foundation.framework in Frameworks */ = {isa = PBXBuildFile; fileRef = D4677A3C189C7A0600F128CF /* Foundation.framework */; };
		D4677A5E189C7A0600F128CF /* UIKit.framework in Frameworks */ = {isa = PBXBuildFile; fileRef = D4677A40189C7A0600F128CF /* UIKit.framework */; };
		D4677A66189C7A0600F128CF /* InfoPlist.strings in Resources */ = {isa = PBXBuildFile; fileRef = D4677A64189C7A0600F128CF /* InfoPlist.strings */; };
		D4677A68189C7A0600F128CF /* EasyCardsTests.m in Sources */ = {isa = PBXBuildFile; fileRef = D4677A67189C7A0600F128CF /* EasyCardsTests.m */; };
		D4677A73189C7D4800F128CF /* receiving25@2x.png in Resources */ = {isa = PBXBuildFile; fileRef = D4677A71189C7D4800F128CF /* receiving25@2x.png */; };
		D4677A74189C7D4800F128CF /* receiving25.png in Resources */ = {isa = PBXBuildFile; fileRef = D4677A72189C7D4800F128CF /* receiving25.png */; };
		D4677A77189C7E4E00F128CF /* my_card25@2x.png in Resources */ = {isa = PBXBuildFile; fileRef = D4677A75189C7E4E00F128CF /* my_card25@2x.png */; };
		D4677A78189C7E4E00F128CF /* my_card25.png in Resources */ = {isa = PBXBuildFile; fileRef = D4677A76189C7E4E00F128CF /* my_card25.png */; };
		D4677A7B189C822C00F128CF /* collection25@2x.png in Resources */ = {isa = PBXBuildFile; fileRef = D4677A79189C822C00F128CF /* collection25@2x.png */; };
		D4677A7C189C822C00F128CF /* collection25.png in Resources */ = {isa = PBXBuildFile; fileRef = D4677A7A189C822C00F128CF /* collection25.png */; };
		D4677A7F189C877100F128CF /* MyCardsViewController.m in Sources */ = {isa = PBXBuildFile; fileRef = D4677A7E189C877100F128CF /* MyCardsViewController.m */; };
		D4677A82189C879300F128CF /* CollectionViewController.m in Sources */ = {isa = PBXBuildFile; fileRef = D4677A81189C879300F128CF /* CollectionViewController.m */; };
		D4677A85189C883400F128CF /* ReceivingViewController.m in Sources */ = {isa = PBXBuildFile; fileRef = D4677A84189C883400F128CF /* ReceivingViewController.m */; };
		D4677A8D189CA29900F128CF /* Paul-G-Glass.JPG in Resources */ = {isa = PBXBuildFile; fileRef = D4677A8C189CA29900F128CF /* Paul-G-Glass.JPG */; };
		D4677A90189CA30200F128CF /* UIImage+Resize.m in Sources */ = {isa = PBXBuildFile; fileRef = D4677A8F189CA30200F128CF /* UIImage+Resize.m */; };
		D4677A92189CA47100F128CF /* wellnessclub.jpg in Resources */ = {isa = PBXBuildFile; fileRef = D4677A91189CA47100F128CF /* wellnessclub.jpg */; };
		D4677A95189CB07B00F128CF /* template-bg-business@2x.png in Resources */ = {isa = PBXBuildFile; fileRef = D4677A93189CB07B00F128CF /* template-bg-business@2x.png */; };
		D4677A96189CB07B00F128CF /* template-bg-business.png in Resources */ = {isa = PBXBuildFile; fileRef = D4677A94189CB07B00F128CF /* template-bg-business.png */; };
		D4677AAF189CC3CA00F128CF /* phone10@2x.png in Resources */ = {isa = PBXBuildFile; fileRef = D4677AAD189CC3CA00F128CF /* phone10@2x.png */; };
		D4677AB0189CC3CA00F128CF /* phone10.png in Resources */ = {isa = PBXBuildFile; fileRef = D4677AAE189CC3CA00F128CF /* phone10.png */; };
		D4677AB3189CC3F500F128CF /* email10@2x.png in Resources */ = {isa = PBXBuildFile; fileRef = D4677AB1189CC3F500F128CF /* email10@2x.png */; };
		D4677AB4189CC3F500F128CF /* email10.png in Resources */ = {isa = PBXBuildFile; fileRef = D4677AB2189CC3F500F128CF /* email10.png */; };
		D4677AB7189CC41E00F128CF /* twitter10.png in Resources */ = {isa = PBXBuildFile; fileRef = D4677AB5189CC41E00F128CF /* twitter10.png */; };
		D4677AB8189CC41E00F128CF /* twitter10@2x.png in Resources */ = {isa = PBXBuildFile; fileRef = D4677AB6189CC41E00F128CF /* twitter10@2x.png */; };
		D4677ABB189CC49A00F128CF /* address10@2x.png in Resources */ = {isa = PBXBuildFile; fileRef = D4677AB9189CC49A00F128CF /* address10@2x.png */; };
		D4677ABC189CC49A00F128CF /* address10.png in Resources */ = {isa = PBXBuildFile; fileRef = D4677ABA189CC49A00F128CF /* address10.png */; };
		D4677ABF189CCBDD00F128CF /* add20.png in Resources */ = {isa = PBXBuildFile; fileRef = D4677ABD189CCBDD00F128CF /* add20.png */; };
		D4677AC0189CCBDD00F128CF /* add20@2x.png in Resources */ = {isa = PBXBuildFile; fileRef = D4677ABE189CCBDD00F128CF /* add20@2x.png */; };
		D4677AC3189CDD3200F128CF /* AddCardViewController.m in Sources */ = {isa = PBXBuildFile; fileRef = D4677AC2189CDD3200F128CF /* AddCardViewController.m */; };
		D4677AC6189CE94D00F128CF /* BSKeyboardControls.m in Sources */ = {isa = PBXBuildFile; fileRef = D4677AC4189CE94D00F128CF /* BSKeyboardControls.m */; };
		D4677ACD189CFA0500F128CF /* background-light30.png in Resources */ = {isa = PBXBuildFile; fileRef = D4677ACB189CFA0500F128CF /* background-light30.png */; };
		D4677ACE189CFA0500F128CF /* background-light30@2x.png in Resources */ = {isa = PBXBuildFile; fileRef = D4677ACC189CFA0500F128CF /* background-light30@2x.png */; };
		D4677AD1189CFAC800F128CF /* background-light15.png in Resources */ = {isa = PBXBuildFile; fileRef = D4677ACF189CFAC800F128CF /* background-light15.png */; };
		D4677AD2189CFAC800F128CF /* background-light15@2x.png in Resources */ = {isa = PBXBuildFile; fileRef = D4677AD0189CFAC800F128CF /* background-light15@2x.png */; };
		D4677AD5189D122900F128CF /* CoreBluetooth.framework in Frameworks */ = {isa = PBXBuildFile; fileRef = D4677AD4189D122900F128CF /* CoreBluetooth.framework */; };
		D4677ADB189D797300F128CF /* template-bg-personal@2x.png in Resources */ = {isa = PBXBuildFile; fileRef = D4677AD9189D797300F128CF /* template-bg-personal@2x.png */; };
		D4677ADC189D797300F128CF /* template-bg-personal.png in Resources */ = {isa = PBXBuildFile; fileRef = D4677ADA189D797300F128CF /* template-bg-personal.png */; };
/* End PBXBuildFile section */

/* Begin PBXContainerItemProxy section */
		D4677A5F189C7A0600F128CF /* PBXContainerItemProxy */ = {
			isa = PBXContainerItemProxy;
			containerPortal = D4677A31189C7A0600F128CF /* Project object */;
			proxyType = 1;
			remoteGlobalIDString = D4677A38189C7A0600F128CF;
			remoteInfo = EasyCards;
		};
/* End PBXContainerItemProxy section */

/* Begin PBXFileReference section */
		8D3A8655189C8937002406EF /* AudioToolbox.framework */ = {isa = PBXFileReference; lastKnownFileType = wrapper.framework; name = AudioToolbox.framework; path = System/Library/Frameworks/AudioToolbox.framework; sourceTree = SDKROOT; };
		8D3A8658189C8951002406EF /* Accounts.framework */ = {isa = PBXFileReference; lastKnownFileType = wrapper.framework; name = Accounts.framework; path = System/Library/Frameworks/Accounts.framework; sourceTree = SDKROOT; };
		8D3A865B189C8968002406EF /* AdSupport.framework */ = {isa = PBXFileReference; lastKnownFileType = wrapper.framework; name = AdSupport.framework; path = System/Library/Frameworks/AdSupport.framework; sourceTree = SDKROOT; };
		8D3A865E189C8974002406EF /* CFNetwork.framework */ = {isa = PBXFileReference; lastKnownFileType = wrapper.framework; name = CFNetwork.framework; path = System/Library/Frameworks/CFNetwork.framework; sourceTree = SDKROOT; };
		8D3A8662189C898F002406EF /* CoreLocation.framework */ = {isa = PBXFileReference; lastKnownFileType = wrapper.framework; name = CoreLocation.framework; path = System/Library/Frameworks/CoreLocation.framework; sourceTree = SDKROOT; };
		8D3A8665189C89A6002406EF /* libsqlite3.dylib */ = {isa = PBXFileReference; lastKnownFileType = "compiled.mach-o.dylib"; name = libsqlite3.dylib; path = usr/lib/libsqlite3.dylib; sourceTree = SDKROOT; };
		8D3A8668189C89BA002406EF /* libz.1.1.3.dylib */ = {isa = PBXFileReference; lastKnownFileType = "compiled.mach-o.dylib"; name = libz.1.1.3.dylib; path = usr/lib/libz.1.1.3.dylib; sourceTree = SDKROOT; };
		8D3A866B189C89C5002406EF /* MobileCoreServices.framework */ = {isa = PBXFileReference; lastKnownFileType = wrapper.framework; name = MobileCoreServices.framework; path = System/Library/Frameworks/MobileCoreServices.framework; sourceTree = SDKROOT; };
		8D3A866E189C89D3002406EF /* QuartzCore.framework */ = {isa = PBXFileReference; lastKnownFileType = wrapper.framework; name = QuartzCore.framework; path = System/Library/Frameworks/QuartzCore.framework; sourceTree = SDKROOT; };
		8D3A8671189C89DE002406EF /* Security.framework */ = {isa = PBXFileReference; lastKnownFileType = wrapper.framework; name = Security.framework; path = System/Library/Frameworks/Security.framework; sourceTree = SDKROOT; };
		8D3A8674189C89E8002406EF /* Social.framework */ = {isa = PBXFileReference; lastKnownFileType = wrapper.framework; name = Social.framework; path = System/Library/Frameworks/Social.framework; sourceTree = SDKROOT; };
		8D3A8677189C89F6002406EF /* StoreKit.framework */ = {isa = PBXFileReference; lastKnownFileType = wrapper.framework; name = StoreKit.framework; path = System/Library/Frameworks/StoreKit.framework; sourceTree = SDKROOT; };
		8D3A867A189C8A14002406EF /* SystemConfiguration.framework */ = {isa = PBXFileReference; lastKnownFileType = wrapper.framework; name = SystemConfiguration.framework; path = System/Library/Frameworks/SystemConfiguration.framework; sourceTree = SDKROOT; };
		8DCD0CE3189CB80400DE4CC6 /* Parse.framework */ = {isa = PBXFileReference; lastKnownFileType = wrapper.framework; path = Parse.framework; sourceTree = "<group>"; };
		D4677A39189C7A0600F128CF /* EasyCards.app */ = {isa = PBXFileReference; explicitFileType = wrapper.application; includeInIndex = 0; path = EasyCards.app; sourceTree = BUILT_PRODUCTS_DIR; };
		D4677A3C189C7A0600F128CF /* Foundation.framework */ = {isa = PBXFileReference; lastKnownFileType = wrapper.framework; name = Foundation.framework; path = System/Library/Frameworks/Foundation.framework; sourceTree = SDKROOT; };
		D4677A3E189C7A0600F128CF /* CoreGraphics.framework */ = {isa = PBXFileReference; lastKnownFileType = wrapper.framework; name = CoreGraphics.framework; path = System/Library/Frameworks/CoreGraphics.framework; sourceTree = SDKROOT; };
		D4677A40189C7A0600F128CF /* UIKit.framework */ = {isa = PBXFileReference; lastKnownFileType = wrapper.framework; name = UIKit.framework; path = System/Library/Frameworks/UIKit.framework; sourceTree = SDKROOT; };
		D4677A44189C7A0600F128CF /* EasyCards-Info.plist */ = {isa = PBXFileReference; lastKnownFileType = text.plist.xml; path = "EasyCards-Info.plist"; sourceTree = "<group>"; };
		D4677A46189C7A0600F128CF /* en */ = {isa = PBXFileReference; lastKnownFileType = text.plist.strings; name = en; path = en.lproj/InfoPlist.strings; sourceTree = "<group>"; };
		D4677A48189C7A0600F128CF /* main.m */ = {isa = PBXFileReference; lastKnownFileType = sourcecode.c.objc; path = main.m; sourceTree = "<group>"; };
		D4677A4A189C7A0600F128CF /* EasyCards-Prefix.pch */ = {isa = PBXFileReference; lastKnownFileType = sourcecode.c.h; path = "EasyCards-Prefix.pch"; sourceTree = "<group>"; };
		D4677A4B189C7A0600F128CF /* AppDelegate.h */ = {isa = PBXFileReference; lastKnownFileType = sourcecode.c.h; path = AppDelegate.h; sourceTree = "<group>"; };
		D4677A4C189C7A0600F128CF /* AppDelegate.m */ = {isa = PBXFileReference; lastKnownFileType = sourcecode.c.objc; path = AppDelegate.m; sourceTree = "<group>"; };
		D4677A4F189C7A0600F128CF /* Base */ = {isa = PBXFileReference; lastKnownFileType = file.storyboard; name = Base; path = Base.lproj/Main.storyboard; sourceTree = "<group>"; };
		D4677A54189C7A0600F128CF /* Images.xcassets */ = {isa = PBXFileReference; lastKnownFileType = folder.assetcatalog; path = Images.xcassets; sourceTree = "<group>"; };
		D4677A5A189C7A0600F128CF /* EasyCardsTests.xctest */ = {isa = PBXFileReference; explicitFileType = wrapper.cfbundle; includeInIndex = 0; path = EasyCardsTests.xctest; sourceTree = BUILT_PRODUCTS_DIR; };
		D4677A5B189C7A0600F128CF /* XCTest.framework */ = {isa = PBXFileReference; lastKnownFileType = wrapper.framework; name = XCTest.framework; path = Library/Frameworks/XCTest.framework; sourceTree = DEVELOPER_DIR; };
		D4677A63189C7A0600F128CF /* EasyCardsTests-Info.plist */ = {isa = PBXFileReference; lastKnownFileType = text.plist.xml; path = "EasyCardsTests-Info.plist"; sourceTree = "<group>"; };
		D4677A65189C7A0600F128CF /* en */ = {isa = PBXFileReference; lastKnownFileType = text.plist.strings; name = en; path = en.lproj/InfoPlist.strings; sourceTree = "<group>"; };
		D4677A67189C7A0600F128CF /* EasyCardsTests.m */ = {isa = PBXFileReference; lastKnownFileType = sourcecode.c.objc; path = EasyCardsTests.m; sourceTree = "<group>"; };
		D4677A71189C7D4800F128CF /* receiving25@2x.png */ = {isa = PBXFileReference; lastKnownFileType = image.png; path = "receiving25@2x.png"; sourceTree = "<group>"; };
		D4677A72189C7D4800F128CF /* receiving25.png */ = {isa = PBXFileReference; lastKnownFileType = image.png; path = receiving25.png; sourceTree = "<group>"; };
		D4677A75189C7E4E00F128CF /* my_card25@2x.png */ = {isa = PBXFileReference; lastKnownFileType = image.png; path = "my_card25@2x.png"; sourceTree = "<group>"; };
		D4677A76189C7E4E00F128CF /* my_card25.png */ = {isa = PBXFileReference; lastKnownFileType = image.png; path = my_card25.png; sourceTree = "<group>"; };
		D4677A79189C822C00F128CF /* collection25@2x.png */ = {isa = PBXFileReference; lastKnownFileType = image.png; path = "collection25@2x.png"; sourceTree = "<group>"; };
		D4677A7A189C822C00F128CF /* collection25.png */ = {isa = PBXFileReference; lastKnownFileType = image.png; path = collection25.png; sourceTree = "<group>"; };
		D4677A7D189C877100F128CF /* MyCardsViewController.h */ = {isa = PBXFileReference; fileEncoding = 4; lastKnownFileType = sourcecode.c.h; path = MyCardsViewController.h; sourceTree = "<group>"; };
		D4677A7E189C877100F128CF /* MyCardsViewController.m */ = {isa = PBXFileReference; fileEncoding = 4; lastKnownFileType = sourcecode.c.objc; path = MyCardsViewController.m; sourceTree = "<group>"; };
		D4677A80189C879300F128CF /* CollectionViewController.h */ = {isa = PBXFileReference; fileEncoding = 4; lastKnownFileType = sourcecode.c.h; path = CollectionViewController.h; sourceTree = "<group>"; };
		D4677A81189C879300F128CF /* CollectionViewController.m */ = {isa = PBXFileReference; fileEncoding = 4; lastKnownFileType = sourcecode.c.objc; path = CollectionViewController.m; sourceTree = "<group>"; };
		D4677A83189C883400F128CF /* ReceivingViewController.h */ = {isa = PBXFileReference; fileEncoding = 4; lastKnownFileType = sourcecode.c.h; path = ReceivingViewController.h; sourceTree = "<group>"; };
		D4677A84189C883400F128CF /* ReceivingViewController.m */ = {isa = PBXFileReference; fileEncoding = 4; lastKnownFileType = sourcecode.c.objc; path = ReceivingViewController.m; sourceTree = "<group>"; };
		D4677A8C189CA29900F128CF /* Paul-G-Glass.JPG */ = {isa = PBXFileReference; lastKnownFileType = image.jpeg; path = "Paul-G-Glass.JPG"; sourceTree = "<group>"; };
		D4677A8E189CA30200F128CF /* UIImage+Resize.h */ = {isa = PBXFileReference; fileEncoding = 4; lastKnownFileType = sourcecode.c.h; path = "UIImage+Resize.h"; sourceTree = "<group>"; };
		D4677A8F189CA30200F128CF /* UIImage+Resize.m */ = {isa = PBXFileReference; fileEncoding = 4; lastKnownFileType = sourcecode.c.objc; path = "UIImage+Resize.m"; sourceTree = "<group>"; };
		D4677A91189CA47100F128CF /* wellnessclub.jpg */ = {isa = PBXFileReference; lastKnownFileType = image.jpeg; path = wellnessclub.jpg; sourceTree = "<group>"; };
		D4677A93189CB07B00F128CF /* template-bg-business@2x.png */ = {isa = PBXFileReference; lastKnownFileType = image.png; path = "template-bg-business@2x.png"; sourceTree = "<group>"; };
		D4677A94189CB07B00F128CF /* template-bg-business.png */ = {isa = PBXFileReference; lastKnownFileType = image.png; path = "template-bg-business.png"; sourceTree = "<group>"; };
		D4677AAD189CC3CA00F128CF /* phone10@2x.png */ = {isa = PBXFileReference; lastKnownFileType = image.png; path = "phone10@2x.png"; sourceTree = "<group>"; };
		D4677AAE189CC3CA00F128CF /* phone10.png */ = {isa = PBXFileReference; lastKnownFileType = image.png; path = phone10.png; sourceTree = "<group>"; };
		D4677AB1189CC3F500F128CF /* email10@2x.png */ = {isa = PBXFileReference; lastKnownFileType = image.png; path = "email10@2x.png"; sourceTree = "<group>"; };
		D4677AB2189CC3F500F128CF /* email10.png */ = {isa = PBXFileReference; lastKnownFileType = image.png; path = email10.png; sourceTree = "<group>"; };
		D4677AB5189CC41E00F128CF /* twitter10.png */ = {isa = PBXFileReference; lastKnownFileType = image.png; path = twitter10.png; sourceTree = "<group>"; };
		D4677AB6189CC41E00F128CF /* twitter10@2x.png */ = {isa = PBXFileReference; lastKnownFileType = image.png; path = "twitter10@2x.png"; sourceTree = "<group>"; };
		D4677AB9189CC49A00F128CF /* address10@2x.png */ = {isa = PBXFileReference; lastKnownFileType = image.png; path = "address10@2x.png"; sourceTree = "<group>"; };
		D4677ABA189CC49A00F128CF /* address10.png */ = {isa = PBXFileReference; lastKnownFileType = image.png; path = address10.png; sourceTree = "<group>"; };
		D4677ABD189CCBDD00F128CF /* add20.png */ = {isa = PBXFileReference; lastKnownFileType = image.png; path = add20.png; sourceTree = "<group>"; };
		D4677ABE189CCBDD00F128CF /* add20@2x.png */ = {isa = PBXFileReference; lastKnownFileType = image.png; path = "add20@2x.png"; sourceTree = "<group>"; };
		D4677AC1189CDD3200F128CF /* AddCardViewController.h */ = {isa = PBXFileReference; fileEncoding = 4; lastKnownFileType = sourcecode.c.h; path = AddCardViewController.h; sourceTree = "<group>"; };
		D4677AC2189CDD3200F128CF /* AddCardViewController.m */ = {isa = PBXFileReference; fileEncoding = 4; lastKnownFileType = sourcecode.c.objc; path = AddCardViewController.m; sourceTree = "<group>"; };
		D4677AC4189CE94D00F128CF /* BSKeyboardControls.m */ = {isa = PBXFileReference; fileEncoding = 4; lastKnownFileType = sourcecode.c.objc; path = BSKeyboardControls.m; sourceTree = "<group>"; };
		D4677AC5189CE94D00F128CF /* BSKeyboardControls.h */ = {isa = PBXFileReference; fileEncoding = 4; lastKnownFileType = sourcecode.c.h; path = BSKeyboardControls.h; sourceTree = "<group>"; };
		D4677ACB189CFA0500F128CF /* background-light30.png */ = {isa = PBXFileReference; lastKnownFileType = image.png; path = "background-light30.png"; sourceTree = "<group>"; };
		D4677ACC189CFA0500F128CF /* background-light30@2x.png */ = {isa = PBXFileReference; lastKnownFileType = image.png; path = "background-light30@2x.png"; sourceTree = "<group>"; };
		D4677ACF189CFAC800F128CF /* background-light15.png */ = {isa = PBXFileReference; lastKnownFileType = image.png; path = "background-light15.png"; sourceTree = "<group>"; };
		D4677AD0189CFAC800F128CF /* background-light15@2x.png */ = {isa = PBXFileReference; lastKnownFileType = image.png; path = "background-light15@2x.png"; sourceTree = "<group>"; };
		D4677AD3189D116E00F128CF /* TransferService.h */ = {isa = PBXFileReference; fileEncoding = 4; lastKnownFileType = sourcecode.c.h; path = TransferService.h; sourceTree = "<group>"; };
		D4677AD4189D122900F128CF /* CoreBluetooth.framework */ = {isa = PBXFileReference; lastKnownFileType = wrapper.framework; name = CoreBluetooth.framework; path = System/Library/Frameworks/CoreBluetooth.framework; sourceTree = SDKROOT; };
		D4677AD9189D797300F128CF /* template-bg-personal@2x.png */ = {isa = PBXFileReference; lastKnownFileType = image.png; path = "template-bg-personal@2x.png"; sourceTree = "<group>"; };
		D4677ADA189D797300F128CF /* template-bg-personal.png */ = {isa = PBXFileReference; lastKnownFileType = image.png; path = "template-bg-personal.png"; sourceTree = "<group>"; };
/* End PBXFileReference section */

/* Begin PBXFrameworksBuildPhase section */
		D4677A36189C7A0600F128CF /* Frameworks */ = {
			isa = PBXFrameworksBuildPhase;
			buildActionMask = 2147483647;
			files = (
				D4677AD5189D122900F128CF /* CoreBluetooth.framework in Frameworks */,
				8D3A867B189C8A14002406EF /* SystemConfiguration.framework in Frameworks */,
				8D3A8678189C89F6002406EF /* StoreKit.framework in Frameworks */,
				8D3A8675189C89E8002406EF /* Social.framework in Frameworks */,
				8D3A8672189C89DE002406EF /* Security.framework in Frameworks */,
				8D3A866F189C89D3002406EF /* QuartzCore.framework in Frameworks */,
				8D3A866C189C89C5002406EF /* MobileCoreServices.framework in Frameworks */,
				8DCD0CE4189CB80400DE4CC6 /* Parse.framework in Frameworks */,
				8D3A8669189C89BA002406EF /* libz.1.1.3.dylib in Frameworks */,
				8D3A8666189C89A6002406EF /* libsqlite3.dylib in Frameworks */,
				8D3A8663189C898F002406EF /* CoreLocation.framework in Frameworks */,
				8D3A865F189C8974002406EF /* CFNetwork.framework in Frameworks */,
				8D3A865C189C8968002406EF /* AdSupport.framework in Frameworks */,
				8D3A8659189C8951002406EF /* Accounts.framework in Frameworks */,
				8D3A8656189C8937002406EF /* AudioToolbox.framework in Frameworks */,
				D4677A3F189C7A0600F128CF /* CoreGraphics.framework in Frameworks */,
				D4677A41189C7A0600F128CF /* UIKit.framework in Frameworks */,
				D4677A3D189C7A0600F128CF /* Foundation.framework in Frameworks */,
			);
			runOnlyForDeploymentPostprocessing = 0;
		};
		D4677A57189C7A0600F128CF /* Frameworks */ = {
			isa = PBXFrameworksBuildPhase;
			buildActionMask = 2147483647;
			files = (
				D4677A5C189C7A0600F128CF /* XCTest.framework in Frameworks */,
				8D3A8673189C89E1002406EF /* Security.framework in Frameworks */,
				D4677A5E189C7A0600F128CF /* UIKit.framework in Frameworks */,
				8D3A8670189C89D6002406EF /* QuartzCore.framework in Frameworks */,
				8D3A8667189C89A9002406EF /* libsqlite3.dylib in Frameworks */,
				8D3A8660189C8977002406EF /* CFNetwork.framework in Frameworks */,
				8D3A8661189C8986002406EF /* CoreGraphics.framework in Frameworks */,
				8D3A8676189C89EB002406EF /* Social.framework in Frameworks */,
				8D3A865A189C8956002406EF /* Accounts.framework in Frameworks */,
				8D3A8657189C8949002406EF /* AudioToolbox.framework in Frameworks */,
				8DCD0CE5189CB80400DE4CC6 /* Parse.framework in Frameworks */,
				8D3A867C189C8A16002406EF /* SystemConfiguration.framework in Frameworks */,
				8D3A8664189C8991002406EF /* CoreLocation.framework in Frameworks */,
				8D3A866D189C89C8002406EF /* MobileCoreServices.framework in Frameworks */,
				D4677A5D189C7A0600F128CF /* Foundation.framework in Frameworks */,
				8D3A8679189C89F8002406EF /* StoreKit.framework in Frameworks */,
				8D3A866A189C89BD002406EF /* libz.1.1.3.dylib in Frameworks */,
				8D3A865D189C896D002406EF /* AdSupport.framework in Frameworks */,
			);
			runOnlyForDeploymentPostprocessing = 0;
		};
/* End PBXFrameworksBuildPhase section */

/* Begin PBXGroup section */
		D4677A30189C7A0600F128CF = {
			isa = PBXGroup;
			children = (
				D4677A42189C7A0600F128CF /* EasyCards */,
				D4677A61189C7A0600F128CF /* EasyCardsTests */,
				D4677A3B189C7A0600F128CF /* Frameworks */,
				D4677A3A189C7A0600F128CF /* Products */,
			);
			sourceTree = "<group>";
		};
		D4677A3A189C7A0600F128CF /* Products */ = {
			isa = PBXGroup;
			children = (
				D4677A39189C7A0600F128CF /* EasyCards.app */,
				D4677A5A189C7A0600F128CF /* EasyCardsTests.xctest */,
			);
			name = Products;
			sourceTree = "<group>";
		};
		D4677A3B189C7A0600F128CF /* Frameworks */ = {
			isa = PBXGroup;
			children = (
				D4677AD4189D122900F128CF /* CoreBluetooth.framework */,
				8DCD0CE3189CB80400DE4CC6 /* Parse.framework */,
				8D3A867A189C8A14002406EF /* SystemConfiguration.framework */,
				8D3A8677189C89F6002406EF /* StoreKit.framework */,
				8D3A8674189C89E8002406EF /* Social.framework */,
				8D3A8671189C89DE002406EF /* Security.framework */,
				8D3A866E189C89D3002406EF /* QuartzCore.framework */,
				8D3A866B189C89C5002406EF /* MobileCoreServices.framework */,
				8D3A8668189C89BA002406EF /* libz.1.1.3.dylib */,
				8D3A8665189C89A6002406EF /* libsqlite3.dylib */,
				8D3A8662189C898F002406EF /* CoreLocation.framework */,
				8D3A865E189C8974002406EF /* CFNetwork.framework */,
				8D3A865B189C8968002406EF /* AdSupport.framework */,
				8D3A8658189C8951002406EF /* Accounts.framework */,
				8D3A8655189C8937002406EF /* AudioToolbox.framework */,
				D4677A3C189C7A0600F128CF /* Foundation.framework */,
				D4677A3E189C7A0600F128CF /* CoreGraphics.framework */,
				D4677A40189C7A0600F128CF /* UIKit.framework */,
				D4677A5B189C7A0600F128CF /* XCTest.framework */,
			);
			name = Frameworks;
			sourceTree = "<group>";
		};
		D4677A42189C7A0600F128CF /* EasyCards */ = {
			isa = PBXGroup;
			children = (
				D4677A4B189C7A0600F128CF /* AppDelegate.h */,
				D4677A4C189C7A0600F128CF /* AppDelegate.m */,
				D4677A4E189C7A0600F128CF /* Main.storyboard */,
				D4677AC1189CDD3200F128CF /* AddCardViewController.h */,
				D4677AC2189CDD3200F128CF /* AddCardViewController.m */,
				D4677A80189C879300F128CF /* CollectionViewController.h */,
				D4677A81189C879300F128CF /* CollectionViewController.m */,
				D4677A83189C883400F128CF /* ReceivingViewController.h */,
				D4677A84189C883400F128CF /* ReceivingViewController.m */,
				D4677A7D189C877100F128CF /* MyCardsViewController.h */,
				D4677A7E189C877100F128CF /* MyCardsViewController.m */,
				D4677A8E189CA30200F128CF /* UIImage+Resize.h */,
				D4677A8F189CA30200F128CF /* UIImage+Resize.m */,
				D4677AC4189CE94D00F128CF /* BSKeyboardControls.m */,
				D4677AC5189CE94D00F128CF /* BSKeyboardControls.h */,
				D4677AD3189D116E00F128CF /* TransferService.h */,
				D4677A54189C7A0600F128CF /* Images.xcassets */,
				D4677A43189C7A0600F128CF /* Supporting Files */,
			);
			path = EasyCards;
			sourceTree = "<group>";
		};
		D4677A43189C7A0600F128CF /* Supporting Files */ = {
			isa = PBXGroup;
			children = (
				D4677ACF189CFAC800F128CF /* background-light15.png */,
				D4677AD0189CFAC800F128CF /* background-light15@2x.png */,
				D4677ACB189CFA0500F128CF /* background-light30.png */,
				D4677ACC189CFA0500F128CF /* background-light30@2x.png */,
				D4677A75189C7E4E00F128CF /* my_card25@2x.png */,
				D4677A76189C7E4E00F128CF /* my_card25.png */,
				D4677A71189C7D4800F128CF /* receiving25@2x.png */,
				D4677A72189C7D4800F128CF /* receiving25.png */,
				D4677A79189C822C00F128CF /* collection25@2x.png */,
				D4677A7A189C822C00F128CF /* collection25.png */,
				D4677AD9189D797300F128CF /* template-bg-personal@2x.png */,
				D4677ADA189D797300F128CF /* template-bg-personal.png */,
				D4677A93189CB07B00F128CF /* template-bg-business@2x.png */,
				D4677A94189CB07B00F128CF /* template-bg-business.png */,
				D4677AAD189CC3CA00F128CF /* phone10@2x.png */,
				D4677AAE189CC3CA00F128CF /* phone10.png */,
				D4677AB1189CC3F500F128CF /* email10@2x.png */,
				D4677AB2189CC3F500F128CF /* email10.png */,
				D4677AB5189CC41E00F128CF /* twitter10.png */,
				D4677AB6189CC41E00F128CF /* twitter10@2x.png */,
				D4677AB9189CC49A00F128CF /* address10@2x.png */,
				D4677ABA189CC49A00F128CF /* address10.png */,
				D4677ABD189CCBDD00F128CF /* add20.png */,
				D4677ABE189CCBDD00F128CF /* add20@2x.png */,
				D4677A8C189CA29900F128CF /* Paul-G-Glass.JPG */,
				D4677A91189CA47100F128CF /* wellnessclub.jpg */,
				D4677A44189C7A0600F128CF /* EasyCards-Info.plist */,
				D4677A45189C7A0600F128CF /* InfoPlist.strings */,
				D4677A48189C7A0600F128CF /* main.m */,
				D4677A4A189C7A0600F128CF /* EasyCards-Prefix.pch */,
			);
			name = "Supporting Files";
			sourceTree = "<group>";
		};
		D4677A61189C7A0600F128CF /* EasyCardsTests */ = {
			isa = PBXGroup;
			children = (
				D4677A67189C7A0600F128CF /* EasyCardsTests.m */,
				D4677A62189C7A0600F128CF /* Supporting Files */,
			);
			path = EasyCardsTests;
			sourceTree = "<group>";
		};
		D4677A62189C7A0600F128CF /* Supporting Files */ = {
			isa = PBXGroup;
			children = (
				D4677A63189C7A0600F128CF /* EasyCardsTests-Info.plist */,
				D4677A64189C7A0600F128CF /* InfoPlist.strings */,
			);
			name = "Supporting Files";
			sourceTree = "<group>";
		};
/* End PBXGroup section */

/* Begin PBXNativeTarget section */
		D4677A38189C7A0600F128CF /* EasyCards */ = {
			isa = PBXNativeTarget;
			buildConfigurationList = D4677A6B189C7A0600F128CF /* Build configuration list for PBXNativeTarget "EasyCards" */;
			buildPhases = (
				D4677A35189C7A0600F128CF /* Sources */,
				D4677A36189C7A0600F128CF /* Frameworks */,
				D4677A37189C7A0600F128CF /* Resources */,
			);
			buildRules = (
			);
			dependencies = (
			);
			name = EasyCards;
			productName = EasyCards;
			productReference = D4677A39189C7A0600F128CF /* EasyCards.app */;
			productType = "com.apple.product-type.application";
		};
		D4677A59189C7A0600F128CF /* EasyCardsTests */ = {
			isa = PBXNativeTarget;
			buildConfigurationList = D4677A6E189C7A0600F128CF /* Build configuration list for PBXNativeTarget "EasyCardsTests" */;
			buildPhases = (
				D4677A56189C7A0600F128CF /* Sources */,
				D4677A57189C7A0600F128CF /* Frameworks */,
				D4677A58189C7A0600F128CF /* Resources */,
			);
			buildRules = (
			);
			dependencies = (
				D4677A60189C7A0600F128CF /* PBXTargetDependency */,
			);
			name = EasyCardsTests;
			productName = EasyCardsTests;
			productReference = D4677A5A189C7A0600F128CF /* EasyCardsTests.xctest */;
			productType = "com.apple.product-type.bundle.unit-test";
		};
/* End PBXNativeTarget section */

/* Begin PBXProject section */
		D4677A31189C7A0600F128CF /* Project object */ = {
			isa = PBXProject;
			attributes = {
				LastUpgradeCheck = 0500;
				ORGANIZATIONNAME = "Paul Wong";
				TargetAttributes = {
					D4677A59189C7A0600F128CF = {
						TestTargetID = D4677A38189C7A0600F128CF;
					};
				};
			};
			buildConfigurationList = D4677A34189C7A0600F128CF /* Build configuration list for PBXProject "EasyCards" */;
			compatibilityVersion = "Xcode 3.2";
			developmentRegion = English;
			hasScannedForEncodings = 0;
			knownRegions = (
				en,
				Base,
			);
			mainGroup = D4677A30189C7A0600F128CF;
			productRefGroup = D4677A3A189C7A0600F128CF /* Products */;
			projectDirPath = "";
			projectRoot = "";
			targets = (
				D4677A38189C7A0600F128CF /* EasyCards */,
				D4677A59189C7A0600F128CF /* EasyCardsTests */,
			);
		};
/* End PBXProject section */

/* Begin PBXResourcesBuildPhase section */
		D4677A37189C7A0600F128CF /* Resources */ = {
			isa = PBXResourcesBuildPhase;
			buildActionMask = 2147483647;
			files = (
				D4677A78189C7E4E00F128CF /* my_card25.png in Resources */,
				D4677A55189C7A0600F128CF /* Images.xcassets in Resources */,
				D4677AC0189CCBDD00F128CF /* add20@2x.png in Resources */,
				D4677ABC189CC49A00F128CF /* address10.png in Resources */,
				D4677AD2189CFAC800F128CF /* background-light15@2x.png in Resources */,
				D4677A77189C7E4E00F128CF /* my_card25@2x.png in Resources */,
				D4677AB7189CC41E00F128CF /* twitter10.png in Resources */,
				D4677A7B189C822C00F128CF /* collection25@2x.png in Resources */,
				D4677AAF189CC3CA00F128CF /* phone10@2x.png in Resources */,
				D4677AB4189CC3F500F128CF /* email10.png in Resources */,
				D4677A8D189CA29900F128CF /* Paul-G-Glass.JPG in Resources */,
				D4677A95189CB07B00F128CF /* template-bg-business@2x.png in Resources */,
				D4677A47189C7A0600F128CF /* InfoPlist.strings in Resources */,
				D4677AB0189CC3CA00F128CF /* phone10.png in Resources */,
				D4677ADC189D797300F128CF /* template-bg-personal.png in Resources */,
				D4677A73189C7D4800F128CF /* receiving25@2x.png in Resources */,
				D4677ABB189CC49A00F128CF /* address10@2x.png in Resources */,
				D4677A92189CA47100F128CF /* wellnessclub.jpg in Resources */,
				D4677A7C189C822C00F128CF /* collection25.png in Resources */,
				D4677A50189C7A0600F128CF /* Main.storyboard in Resources */,
				D4677AB8189CC41E00F128CF /* twitter10@2x.png in Resources */,
				D4677ACD189CFA0500F128CF /* background-light30.png in Resources */,
				D4677A74189C7D4800F128CF /* receiving25.png in Resources */,
				D4677ACE189CFA0500F128CF /* background-light30@2x.png in Resources */,
				D4677AD1189CFAC800F128CF /* background-light15.png in Resources */,
				D4677AB3189CC3F500F128CF /* email10@2x.png in Resources */,
				D4677A96189CB07B00F128CF /* template-bg-business.png in Resources */,
				D4677ABF189CCBDD00F128CF /* add20.png in Resources */,
				D4677ADB189D797300F128CF /* template-bg-personal@2x.png in Resources */,
			);
			runOnlyForDeploymentPostprocessing = 0;
		};
		D4677A58189C7A0600F128CF /* Resources */ = {
			isa = PBXResourcesBuildPhase;
			buildActionMask = 2147483647;
			files = (
				D4677A66189C7A0600F128CF /* InfoPlist.strings in Resources */,
			);
			runOnlyForDeploymentPostprocessing = 0;
		};
/* End PBXResourcesBuildPhase section */

/* Begin PBXSourcesBuildPhase section */
		D4677A35189C7A0600F128CF /* Sources */ = {
			isa = PBXSourcesBuildPhase;
			buildActionMask = 2147483647;
			files = (
				D4677A7F189C877100F128CF /* MyCardsViewController.m in Sources */,
				D4677AC6189CE94D00F128CF /* BSKeyboardControls.m in Sources */,
				D4677AC3189CDD3200F128CF /* AddCardViewController.m in Sources */,
				D4677A85189C883400F128CF /* ReceivingViewController.m in Sources */,
				D4677A4D189C7A0600F128CF /* AppDelegate.m in Sources */,
				D4677A82189C879300F128CF /* CollectionViewController.m in Sources */,
				D4677A49189C7A0600F128CF /* main.m in Sources */,
				D4677A90189CA30200F128CF /* UIImage+Resize.m in Sources */,
			);
			runOnlyForDeploymentPostprocessing = 0;
		};
		D4677A56189C7A0600F128CF /* Sources */ = {
			isa = PBXSourcesBuildPhase;
			buildActionMask = 2147483647;
			files = (
				D4677A68189C7A0600F128CF /* EasyCardsTests.m in Sources */,
			);
			runOnlyForDeploymentPostprocessing = 0;
		};
/* End PBXSourcesBuildPhase section */

/* Begin PBXTargetDependency section */
		D4677A60189C7A0600F128CF /* PBXTargetDependency */ = {
			isa = PBXTargetDependency;
			target = D4677A38189C7A0600F128CF /* EasyCards */;
			targetProxy = D4677A5F189C7A0600F128CF /* PBXContainerItemProxy */;
		};
/* End PBXTargetDependency section */

/* Begin PBXVariantGroup section */
		D4677A45189C7A0600F128CF /* InfoPlist.strings */ = {
			isa = PBXVariantGroup;
			children = (
				D4677A46189C7A0600F128CF /* en */,
			);
			name = InfoPlist.strings;
			sourceTree = "<group>";
		};
		D4677A4E189C7A0600F128CF /* Main.storyboard */ = {
			isa = PBXVariantGroup;
			children = (
				D4677A4F189C7A0600F128CF /* Base */,
			);
			name = Main.storyboard;
			sourceTree = "<group>";
		};
		D4677A64189C7A0600F128CF /* InfoPlist.strings */ = {
			isa = PBXVariantGroup;
			children = (
				D4677A65189C7A0600F128CF /* en */,
			);
			name = InfoPlist.strings;
			sourceTree = "<group>";
		};
/* End PBXVariantGroup section */

/* Begin XCBuildConfiguration section */
		D4677A69189C7A0600F128CF /* Debug */ = {
			isa = XCBuildConfiguration;
			buildSettings = {
				ALWAYS_SEARCH_USER_PATHS = NO;
				ARCHS = "$(ARCHS_STANDARD_INCLUDING_64_BIT)";
				CLANG_CXX_LANGUAGE_STANDARD = "gnu++0x";
				CLANG_CXX_LIBRARY = "libc++";
				CLANG_ENABLE_MODULES = YES;
				CLANG_ENABLE_OBJC_ARC = YES;
				CLANG_WARN_BOOL_CONVERSION = YES;
				CLANG_WARN_CONSTANT_CONVERSION = YES;
				CLANG_WARN_DIRECT_OBJC_ISA_USAGE = YES_ERROR;
				CLANG_WARN_EMPTY_BODY = YES;
				CLANG_WARN_ENUM_CONVERSION = YES;
				CLANG_WARN_INT_CONVERSION = YES;
				CLANG_WARN_OBJC_ROOT_CLASS = YES_ERROR;
				CLANG_WARN__DUPLICATE_METHOD_MATCH = YES;
				"CODE_SIGN_IDENTITY[sdk=iphoneos*]" = "iPhone Developer";
				COPY_PHASE_STRIP = NO;
				GCC_C_LANGUAGE_STANDARD = gnu99;
				GCC_DYNAMIC_NO_PIC = NO;
				GCC_OPTIMIZATION_LEVEL = 0;
				GCC_PREPROCESSOR_DEFINITIONS = (
					"DEBUG=1",
					"$(inherited)",
				);
				GCC_SYMBOLS_PRIVATE_EXTERN = NO;
				GCC_WARN_64_TO_32_BIT_CONVERSION = YES;
				GCC_WARN_ABOUT_RETURN_TYPE = YES_ERROR;
				GCC_WARN_UNDECLARED_SELECTOR = YES;
				GCC_WARN_UNINITIALIZED_AUTOS = YES;
				GCC_WARN_UNUSED_FUNCTION = YES;
				GCC_WARN_UNUSED_VARIABLE = YES;
				IPHONEOS_DEPLOYMENT_TARGET = 7.0;
				ONLY_ACTIVE_ARCH = YES;
				SDKROOT = iphoneos;
			};
			name = Debug;
		};
		D4677A6A189C7A0600F128CF /* Release */ = {
			isa = XCBuildConfiguration;
			buildSettings = {
				ALWAYS_SEARCH_USER_PATHS = NO;
				ARCHS = "$(ARCHS_STANDARD_INCLUDING_64_BIT)";
				CLANG_CXX_LANGUAGE_STANDARD = "gnu++0x";
				CLANG_CXX_LIBRARY = "libc++";
				CLANG_ENABLE_MODULES = YES;
				CLANG_ENABLE_OBJC_ARC = YES;
				CLANG_WARN_BOOL_CONVERSION = YES;
				CLANG_WARN_CONSTANT_CONVERSION = YES;
				CLANG_WARN_DIRECT_OBJC_ISA_USAGE = YES_ERROR;
				CLANG_WARN_EMPTY_BODY = YES;
				CLANG_WARN_ENUM_CONVERSION = YES;
				CLANG_WARN_INT_CONVERSION = YES;
				CLANG_WARN_OBJC_ROOT_CLASS = YES_ERROR;
				CLANG_WARN__DUPLICATE_METHOD_MATCH = YES;
				"CODE_SIGN_IDENTITY[sdk=iphoneos*]" = "iPhone Developer";
				COPY_PHASE_STRIP = YES;
				ENABLE_NS_ASSERTIONS = NO;
				GCC_C_LANGUAGE_STANDARD = gnu99;
				GCC_WARN_64_TO_32_BIT_CONVERSION = YES;
				GCC_WARN_ABOUT_RETURN_TYPE = YES_ERROR;
				GCC_WARN_UNDECLARED_SELECTOR = YES;
				GCC_WARN_UNINITIALIZED_AUTOS = YES;
				GCC_WARN_UNUSED_FUNCTION = YES;
				GCC_WARN_UNUSED_VARIABLE = YES;
				IPHONEOS_DEPLOYMENT_TARGET = 7.0;
				SDKROOT = iphoneos;
				VALIDATE_PRODUCT = YES;
			};
			name = Release;
		};
		D4677A6C189C7A0600F128CF /* Debug */ = {
			isa = XCBuildConfiguration;
			buildSettings = {
				ASSETCATALOG_COMPILER_APPICON_NAME = AppIcon;
				ASSETCATALOG_COMPILER_LAUNCHIMAGE_NAME = LaunchImage;
				FRAMEWORK_SEARCH_PATHS = (
					"$(inherited)",
					/Users/paulwong/Desktop/EasyCards,
					/Users/yiqin/Desktop/EasyCardsGo,
				);
				GCC_PRECOMPILE_PREFIX_HEADER = YES;
				GCC_PREFIX_HEADER = "EasyCards/EasyCards-Prefix.pch";
				INFOPLIST_FILE = "EasyCards/EasyCards-Info.plist";
				PRODUCT_NAME = "$(TARGET_NAME)";
				WRAPPER_EXTENSION = app;
			};
			name = Debug;
		};
		D4677A6D189C7A0600F128CF /* Release */ = {
			isa = XCBuildConfiguration;
			buildSettings = {
				ASSETCATALOG_COMPILER_APPICON_NAME = AppIcon;
				ASSETCATALOG_COMPILER_LAUNCHIMAGE_NAME = LaunchImage;
				FRAMEWORK_SEARCH_PATHS = (
					"$(inherited)",
					/Users/paulwong/Desktop/EasyCards,
					/Users/yiqin/Desktop/EasyCardsGo,
				);
				GCC_PRECOMPILE_PREFIX_HEADER = YES;
				GCC_PREFIX_HEADER = "EasyCards/EasyCards-Prefix.pch";
				INFOPLIST_FILE = "EasyCards/EasyCards-Info.plist";
				PRODUCT_NAME = "$(TARGET_NAME)";
				WRAPPER_EXTENSION = app;
			};
			name = Release;
		};
		D4677A6F189C7A0600F128CF /* Debug */ = {
			isa = XCBuildConfiguration;
			buildSettings = {
				ARCHS = "$(ARCHS_STANDARD_INCLUDING_64_BIT)";
				BUNDLE_LOADER = "$(BUILT_PRODUCTS_DIR)/EasyCards.app/EasyCards";
				FRAMEWORK_SEARCH_PATHS = (
					"$(SDKROOT)/Developer/Library/Frameworks",
					"$(inherited)",
					"$(DEVELOPER_FRAMEWORKS_DIR)",
					/Users/yiqin/Desktop/EasyCards,
					/Users/yiqin/Desktop/EasyCardsGo,
				);
				GCC_PRECOMPILE_PREFIX_HEADER = YES;
				GCC_PREFIX_HEADER = "EasyCards/EasyCards-Prefix.pch";
				GCC_PREPROCESSOR_DEFINITIONS = (
					"DEBUG=1",
					"$(inherited)",
				);
				INFOPLIST_FILE = "EasyCardsTests/EasyCardsTests-Info.plist";
				PRODUCT_NAME = "$(TARGET_NAME)";
				TEST_HOST = "$(BUNDLE_LOADER)";
				WRAPPER_EXTENSION = xctest;
			};
			name = Debug;
		};
		D4677A70189C7A0600F128CF /* Release */ = {
			isa = XCBuildConfiguration;
			buildSettings = {
				ARCHS = "$(ARCHS_STANDARD_INCLUDING_64_BIT)";
				BUNDLE_LOADER = "$(BUILT_PRODUCTS_DIR)/EasyCards.app/EasyCards";
				FRAMEWORK_SEARCH_PATHS = (
					"$(SDKROOT)/Developer/Library/Frameworks",
					"$(inherited)",
					"$(DEVELOPER_FRAMEWORKS_DIR)",
					/Users/yiqin/Desktop/EasyCards,
					/Users/yiqin/Desktop/EasyCardsGo,
				);
				GCC_PRECOMPILE_PREFIX_HEADER = YES;
				GCC_PREFIX_HEADER = "EasyCards/EasyCards-Prefix.pch";
				INFOPLIST_FILE = "EasyCardsTests/EasyCardsTests-Info.plist";
				PRODUCT_NAME = "$(TARGET_NAME)";
				TEST_HOST = "$(BUNDLE_LOADER)";
				WRAPPER_EXTENSION = xctest;
			};
			name = Release;
		};
/* End XCBuildConfiguration section */

/* Begin XCConfigurationList section */
		D4677A34189C7A0600F128CF /* Build configuration list for PBXProject "EasyCards" */ = {
			isa = XCConfigurationList;
			buildConfigurations = (
				D4677A69189C7A0600F128CF /* Debug */,
				D4677A6A189C7A0600F128CF /* Release */,
			);
			defaultConfigurationIsVisible = 0;
			defaultConfigurationName = Release;
		};
		D4677A6B189C7A0600F128CF /* Build configuration list for PBXNativeTarget "EasyCards" */ = {
			isa = XCConfigurationList;
			buildConfigurations = (
				D4677A6C189C7A0600F128CF /* Debug */,
				D4677A6D189C7A0600F128CF /* Release */,
			);
			defaultConfigurationIsVisible = 0;
			defaultConfigurationName = Release;
		};
		D4677A6E189C7A0600F128CF /* Build configuration list for PBXNativeTarget "EasyCardsTests" */ = {
			isa = XCConfigurationList;
			buildConfigurations = (
				D4677A6F189C7A0600F128CF /* Debug */,
				D4677A70189C7A0600F128CF /* Release */,
			);
			defaultConfigurationIsVisible = 0;
			defaultConfigurationName = Release;
		};
/* End XCConfigurationList section */
	};
	rootObject = D4677A31189C7A0600F128CF /* Project object */;
}
